%{
  "callback": {:hex, :callback, "0.1.0", "899002515070a96a6a6dff582584c3745b8bf08a5803e777e43cf95aa174efa8", [:mix], [], "hexpm"},
  "earmark": {:hex, :earmark, "1.3.1", "73812f447f7a42358d3ba79283cfa3075a7580a3a2ed457616d6517ac3738cb9", [:mix], [], "hexpm"},
  "elixir_make": {:hex, :elixir_make, "0.5.2", "96a28c79f5b8d34879cd95ebc04d2a0d678cfbbd3e74c43cb63a76adf0ee8054", [:mix], [], "hexpm"},
  "ex_doc": {:hex, :ex_doc, "0.19.3", "3c7b0f02851f5fc13b040e8e925051452e41248f685e40250d7e40b07b9f8c10", [:mix], [{:earmark, "~> 1.2", [hex: :earmark, repo: "hexpm", optional: false]}, {:makeup_elixir, "~> 0.10", [hex: :makeup_elixir, repo: "hexpm", optional: false]}], "hexpm"},
  "ex_doc_simple_markdown": {:hex, :ex_doc_simple_markdown, "0.3.2", "e2969b0522e46581ec8a2ec41e89dec1edf637ffe03967439de7427c7074540d", [:mix], [{:ex_doc, "~> 0.18", [hex: :ex_doc, repo: "hexpm", optional: false]}, {:simple_markdown, "~> 0.3", [hex: :simple_markdown, repo: "hexpm", optional: false]}], "hexpm"},
  "html_entities": {:hex, :html_entities, "0.4.0", "f2fee876858cf6aaa9db608820a3209e45a087c5177332799592142b50e89a6b", [:mix], [], "hexpm"},
  "jaxon": {:hex, :jaxon, "1.0.10", "bedd7e3a8ed6325fdfef15aff0063faeab633d4b5ddbe8011051b35092a22f15", [:make, :mix], [{:elixir_make, "~> 0.4", [hex: :elixir_make, repo: "hexpm", optional: false]}], "hexpm"},
  "makeup": {:hex, :makeup, "0.8.0", "9cf32aea71c7fe0a4b2e9246c2c4978f9070257e5c9ce6d4a28ec450a839b55f", [:mix], [{:nimble_parsec, "~> 0.5.0", [hex: :nimble_parsec, repo: "hexpm", optional: false]}], "hexpm"},
  "makeup_elixir": {:hex, :makeup_elixir, "0.13.0", "be7a477997dcac2e48a9d695ec730b2d22418292675c75aa2d34ba0909dcdeda", [:mix], [{:makeup, "~> 0.8", [hex: :makeup, repo: "hexpm", optional: false]}], "hexpm"},
  "mime": {:hex, :mime, "1.3.1", "30ce04ab3175b6ad0bdce0035cba77bba68b813d523d1aac73d9781b4d193cf8", [:mix], [], "hexpm"},
  "nimble_parsec": {:hex, :nimble_parsec, "0.5.0", "90e2eca3d0266e5c53f8fbe0079694740b9c91b6747f2b7e3c5d21966bba8300", [:mix], [], "hexpm"},
  "parsey": {:hex, :parsey, "0.0.3", "0a736c0179886c533c97edb24e7ffe410077ef88d5d5db7313f4cd15fde4cf8f", [:mix], [], "hexpm"},
  "path_match": {:hex, :path_match, "0.1.0", "7969b7de9ff1c9d8b35565e65c35b58d0bb2f56a28144266323b25c9ac420059", [:mix], [], "hexpm"},
  "resx": {:hex, :resx, "0.0.5", "bbad6d8176aead04bf621f571035fa67fe231b36a6f058250f762a2951925240", [:mix], [{:callback, "~> 0.1.0", [hex: :callback, repo: "hexpm", optional: false]}, {:mime, "~> 1.3", [hex: :mime, repo: "hexpm", optional: false]}, {:path_match, "~> 0.1.0", [hex: :path_match, repo: "hexpm", optional: false]}], "hexpm"},
  "simple_markdown": {:hex, :simple_markdown, "0.5.4", "e68b0c230f62e3dba126787597a20390095ad2c6eda9463605741b78a5e32d92", [:mix], [{:html_entities, "~> 0.3", [hex: :html_entities, repo: "hexpm", optional: false]}, {:parsey, "~> 0.0.3", [hex: :parsey, repo: "hexpm", optional: false]}], "hexpm"},
}
