%{
  "callback": {:hex, :callback, "0.1.0", "899002515070a96a6a6dff582584c3745b8bf08a5803e777e43cf95aa174efa8", [:mix], [], "hexpm"},
  "elixir_make": {:hex, :elixir_make, "0.5.2", "96a28c79f5b8d34879cd95ebc04d2a0d678cfbbd3e74c43cb63a76adf0ee8054", [:mix], [], "hexpm"},
  "jaxon": {:hex, :jaxon, "1.0.10", "bedd7e3a8ed6325fdfef15aff0063faeab633d4b5ddbe8011051b35092a22f15", [:make, :mix], [{:elixir_make, "~> 0.4", [hex: :elixir_make, repo: "hexpm", optional: false]}], "hexpm"},
  "mime": {:hex, :mime, "1.3.1", "30ce04ab3175b6ad0bdce0035cba77bba68b813d523d1aac73d9781b4d193cf8", [:mix], [], "hexpm"},
  "path_match": {:hex, :path_match, "0.1.0", "7969b7de9ff1c9d8b35565e65c35b58d0bb2f56a28144266323b25c9ac420059", [:mix], [], "hexpm"},
  "resx": {:hex, :resx, "0.0.4", "0bae635b71de7ed53513b4fee92bccdb526f888bdc202e5af6a6acad165086dd", [:mix], [{:callback, "~> 0.1.0", [hex: :callback, repo: "hexpm", optional: false]}, {:mime, "~> 1.3", [hex: :mime, repo: "hexpm", optional: false]}, {:path_match, "~> 0.1.0", [hex: :path_match, repo: "hexpm", optional: false]}], "hexpm"},
}
